<?xml version="1.0" encoding="utf-8"?>
<Project ToolsVersion="4.0" xmlns="http://schemas.microsoft.com/developer/msbuild/2003">
  <ItemGroup>
    <ApplicationDefinition Include="App.xaml" />
  </ItemGroup>
  <ItemGroup>
    <Page Include="MainWindow.xaml" />
    <Page Include="SonglistPage.xaml">
      <Filter>Pages</Filter>
    </Page>
    <Page Include="SettingsPage.xaml">
      <Filter>Pages</Filter>
    </Page>
    <Page Include="AlbumlistPage.xaml">
      <Filter>Pages</Filter>
    </Page>
    <Page Include="ArtistlistPage.xaml">
      <Filter>Pages</Filter>
    </Page>
    <Page Include="PlaylistsPage.xaml">
      <Filter>Pages</Filter>
    </Page>
    <Page Include="StatisticPage.xaml">
      <Filter>Pages</Filter>
    </Page>
  </ItemGroup>
  <ItemGroup>
    <Midl Include="App.idl" />
    <Midl Include="MainWindow.idl" />
    <Midl Include="SonglistItem.idl">
      <Filter>Models</Filter>
    </Midl>
  </ItemGroup>
  <ItemGroup>
    <ClCompile Include="pch.cpp" />
    <ClCompile Include="$(GeneratedFilesDir)module.g.cpp" />
  </ItemGroup>
  <ItemGroup>
    <ClInclude Include="pch.h" />
  </ItemGroup>
  <ItemGroup>
    <Image Include="Assets\Wide310x150Logo.scale-200.png">
      <Filter>Assets</Filter>
    </Image>
    <Image Include="Assets\StoreLogo.png">
      <Filter>Assets</Filter>
    </Image>
    <Image Include="Assets\Square150x150Logo.scale-200.png">
      <Filter>Assets</Filter>
    </Image>
    <Image Include="Assets\Square44x44Logo.targetsize-24_altform-unplated.png">
      <Filter>Assets</Filter>
    </Image>
    <Image Include="Assets\Square44x44Logo.scale-200.png">
      <Filter>Assets</Filter>
    </Image>
    <Image Include="Assets\SplashScreen.scale-200.png">
      <Filter>Assets</Filter>
    </Image>
    <Image Include="Assets\LockScreenLogo.scale-200.png">
      <Filter>Assets</Filter>
    </Image>
    <Image Include="Assets\Images\contrast-standard\theme-light\scale-100\AddFolder.png">
      <Filter>Assets\Images\contrast-standard\theme-light\scale-100</Filter>
    </Image>
    <Image Include="Assets\Images\contrast-standard\theme-light\scale-100\Album.png">
      <Filter>Assets\Images\contrast-standard\theme-light\scale-100</Filter>
    </Image>
    <Image Include="Assets\Images\contrast-standard\theme-light\scale-100\Artist.png">
      <Filter>Assets\Images\contrast-standard\theme-light\scale-100</Filter>
    </Image>
    <Image Include="Assets\Images\contrast-standard\theme-light\scale-100\Copy.png">
      <Filter>Assets\Images\contrast-standard\theme-light\scale-100</Filter>
    </Image>
    <Image Include="Assets\Images\contrast-standard\theme-light\scale-100\DarkMode.png">
      <Filter>Assets\Images\contrast-standard\theme-light\scale-100</Filter>
    </Image>
    <Image Include="Assets\Images\contrast-standard\theme-light\scale-100\Delete.png">
      <Filter>Assets\Images\contrast-standard\theme-light\scale-100</Filter>
    </Image>
    <Image Include="Assets\Images\contrast-standard\theme-light\scale-100\Edit.png">
      <Filter>Assets\Images\contrast-standard\theme-light\scale-100</Filter>
    </Image>
    <Image Include="Assets\Images\contrast-standard\theme-light\scale-100\Folder.png">
      <Filter>Assets\Images\contrast-standard\theme-light\scale-100</Filter>
    </Image>
    <Image Include="Assets\Images\contrast-standard\theme-light\scale-100\LightMode.png">
      <Filter>Assets\Images\contrast-standard\theme-light\scale-100</Filter>
    </Image>
    <Image Include="Assets\Images\contrast-standard\theme-light\scale-100\Playlist.png">
      <Filter>Assets\Images\contrast-standard\theme-light\scale-100</Filter>
    </Image>
    <Image Include="Assets\Images\contrast-standard\theme-light\scale-100\Select.png">
      <Filter>Assets\Images\contrast-standard\theme-light\scale-100</Filter>
    </Image>
    <Image Include="Assets\Images\contrast-standard\theme-light\scale-100\Song.png">
      <Filter>Assets\Images\contrast-standard\theme-light\scale-100</Filter>
    </Image>
    <Image Include="Assets\Images\contrast-standard\theme-light\scale-100\Sort.png">
      <Filter>Assets\Images\contrast-standard\theme-light\scale-100</Filter>
    </Image>
    <Image Include="Assets\Images\contrast-standard\theme-light\scale-100\Statistic.png">
      <Filter>Assets\Images\contrast-standard\theme-light\scale-100</Filter>
    </Image>
    <Image Include="Assets\Images\contrast-standard\theme-dark\scale-100\AddFolder.png">
      <Filter>Assets\Images\contrast-standard\theme-dark\scale-100</Filter>
    </Image>
    <Image Include="Assets\Images\contrast-standard\theme-dark\scale-100\Album.png">
      <Filter>Assets\Images\contrast-standard\theme-dark\scale-100</Filter>
    </Image>
    <Image Include="Assets\Images\contrast-standard\theme-dark\scale-100\Artist.png">
      <Filter>Assets\Images\contrast-standard\theme-dark\scale-100</Filter>
    </Image>
    <Image Include="Assets\Images\contrast-standard\theme-dark\scale-100\Copy.png">
      <Filter>Assets\Images\contrast-standard\theme-dark\scale-100</Filter>
    </Image>
    <Image Include="Assets\Images\contrast-standard\theme-dark\scale-100\DarkMode.png">
      <Filter>Assets\Images\contrast-standard\theme-dark\scale-100</Filter>
    </Image>
    <Image Include="Assets\Images\contrast-standard\theme-dark\scale-100\Delete.png">
      <Filter>Assets\Images\contrast-standard\theme-dark\scale-100</Filter>
    </Image>
    <Image Include="Assets\Images\contrast-standard\theme-dark\scale-100\Edit.png">
      <Filter>Assets\Images\contrast-standard\theme-dark\scale-100</Filter>
    </Image>
    <Image Include="Assets\Images\contrast-standard\theme-dark\scale-100\Folder.png">
      <Filter>Assets\Images\contrast-standard\theme-dark\scale-100</Filter>
    </Image>
    <Image Include="Assets\Images\contrast-standard\theme-dark\scale-100\LightMode.png">
      <Filter>Assets\Images\contrast-standard\theme-dark\scale-100</Filter>
    </Image>
    <Image Include="Assets\Images\contrast-standard\theme-dark\scale-100\Playlist.png">
      <Filter>Assets\Images\contrast-standard\theme-dark\scale-100</Filter>
    </Image>
    <Image Include="Assets\Images\contrast-standard\theme-dark\scale-100\Select.png">
      <Filter>Assets\Images\contrast-standard\theme-dark\scale-100</Filter>
    </Image>
    <Image Include="Assets\Images\contrast-standard\theme-dark\scale-100\Song.png">
      <Filter>Assets\Images\contrast-standard\theme-dark\scale-100</Filter>
    </Image>
    <Image Include="Assets\Images\contrast-standard\theme-dark\scale-100\Sort.png">
      <Filter>Assets\Images\contrast-standard\theme-dark\scale-100</Filter>
    </Image>
    <Image Include="Assets\Images\contrast-standard\theme-dark\scale-100\Statistic.png">
      <Filter>Assets\Images\contrast-standard\theme-dark\scale-100</Filter>
    </Image>
    <Image Include="Assets\Images\Cover.jpg">
      <Filter>Assets\Images</Filter>
    </Image>
    <Image Include="Assets\Images\Snipaste_2023-02-22_17-32-19.png">
      <Filter>Assets\Images</Filter>
    </Image>
  </ItemGroup>
  <ItemGroup>
    <Filter Include="Assets">
      <UniqueIdentifier>{f259036e-ef6e-4d43-9882-c17f5673f8e8}</UniqueIdentifier>
    </Filter>
    <Filter Include="Pages">
      <UniqueIdentifier>{8cea4c38-5585-4480-bc3b-189b72183e00}</UniqueIdentifier>
    </Filter>
    <Filter Include="Assets\Images">
      <UniqueIdentifier>{498379f6-da77-49d8-b0d8-f0fba5d424b2}</UniqueIdentifier>
    </Filter>
    <Filter Include="Assets\Images\contrast-standard">
      <UniqueIdentifier>{4f3dc2d4-26c1-4af2-ba7d-bba29eb58432}</UniqueIdentifier>
    </Filter>
    <Filter Include="Assets\Images\contrast-standard\theme-dark">
      <UniqueIdentifier>{858128f5-6264-409a-ada8-2c26e818d229}</UniqueIdentifier>
    </Filter>
    <Filter Include="Assets\Images\contrast-standard\theme-light">
      <UniqueIdentifier>{8b472c6b-d7e5-436a-b90b-af3e6e73588f}</UniqueIdentifier>
    </Filter>
    <Filter Include="Assets\Images\contrast-standard\theme-light\scale-100">
      <UniqueIdentifier>{81b29105-9bc3-4d30-a537-378e04a629c2}</UniqueIdentifier>
    </Filter>
    <Filter Include="Assets\Images\contrast-standard\theme-dark\scale-100">
      <UniqueIdentifier>{03d0bbfe-f668-4acc-a1b0-bc944e3bc69f}</UniqueIdentifier>
    </Filter>
    <Filter Include="Assets\FontIcons">
      <UniqueIdentifier>{ab1c6419-871d-4365-898f-2a79b8efb331}</UniqueIdentifier>
    </Filter>
    <Filter Include="Media">
      <UniqueIdentifier>{047bbd32-981e-48cc-9a6b-a0fd95cf7baf}</UniqueIdentifier>
    </Filter>
    <Filter Include="Views">
      <UniqueIdentifier>{067f94d4-e330-48b1-98ee-71d7501048ab}</UniqueIdentifier>
    </Filter>
    <Filter Include="Models">
      <UniqueIdentifier>{a02cb7f5-8368-4de9-b933-f8891c2c0f57}</UniqueIdentifier>
    </Filter>
  </ItemGroup>
  <ItemGroup>
    <Text Include="readme.txt" />
    <Text Include="IconMatch.txt" />
  </ItemGroup>
  <ItemGroup>
    <Manifest Include="app.manifest" />
  </ItemGroup>
  <ItemGroup>
    <AppxManifest Include="Package.appxmanifest" />
  </ItemGroup>
  <ItemGroup>
    <None Include="packages.config" />
    <None Include="Assets\Images\AddFolder.svg">
      <Filter>Assets\Images</Filter>
    </None>
    <None Include="Assets\Images\Album.svg">
      <Filter>Assets\Images</Filter>
    </None>
    <None Include="Assets\Images\Artist.svg">
      <Filter>Assets\Images</Filter>
    </None>
    <None Include="Assets\Images\Copy.svg">
      <Filter>Assets\Images</Filter>
    </None>
    <None Include="Assets\Images\DarkMode.svg">
      <Filter>Assets\Images</Filter>
    </None>
    <None Include="Assets\Images\Delete.svg">
      <Filter>Assets\Images</Filter>
    </None>
    <None Include="Assets\Images\Edit.svg">
      <Filter>Assets\Images</Filter>
    </None>
    <None Include="Assets\Images\Folder.svg">
      <Filter>Assets\Images</Filter>
    </None>
    <None Include="Assets\Images\LightMode.svg">
      <Filter>Assets\Images</Filter>
    </None>
    <None Include="Assets\Images\Playlist.svg">
      <Filter>Assets\Images</Filter>
    </None>
    <None Include="Assets\Images\Select.svg">
      <Filter>Assets\Images</Filter>
    </None>
    <None Include="Assets\Images\Song.svg">
      <Filter>Assets\Images</Filter>
    </None>
    <None Include="Assets\Images\Sort.svg">
      <Filter>Assets\Images</Filter>
    </None>
    <None Include="Assets\Images\Statistic.svg">
      <Filter>Assets\Images</Filter>
    </None>
    <None Include="Assets\Media\!...  - 阿鲲 - 流浪地球2 电影原声大碟.flac">
      <Filter>Media</Filter>
    </None>
    <None Include="Assets\Media\97  100  - 阿鲲 - 流浪地球2 电影原声大碟.flac">
      <Filter>Media</Filter>
    </None>
    <None Include="Assets\Media\最后的团聚 - 阿鲲 - 流浪地球2 电影原声大碟.flac">
      <Filter>Media</Filter>
    </None>
    <None Include="README.md" />
  </ItemGroup>
  <ItemGroup>
    <Font Include="Assets\FontIcons\dmp-fonticon.ttf">
      <Filter>Assets\FontIcons</Filter>
    </Font>
  </ItemGroup>
  <ItemGroup>
    <Natvis Include="$(MSBuildThisFileDirectory)..\..\natvis\wil.natvis" />
  </ItemGroup>
  <ItemGroup>
    <Media Include="Assets\Media\（填翻）山渐青——记《雪中悍刀行》洛阳主题歌 - 汤锅 - （策）歌曲.mp3">
      <Filter>Media</Filter>
    </Media>
  </ItemGroup>
</Project>